// !$*UTF8*$!
{
	archiveVersion = 1;
	classes = {
	};
	objectVersion = 56;
	objects = {

/* Begin PBXBuildFile section */
		B70232AE2D3BC2E20085864A /* Musics in Resources */ = {isa = PBXBuildFile; fileRef = B70232AD2D3BC2E20085864A /* Musics */; };
		B70232B02D3BD13F0085864A /* AVPlayerManager.swift in Sources */ = {isa = PBXBuildFile; fileRef = B70232AF2D3BD13F0085864A /* AVPlayerManager.swift */; };
		B727EDA12D39766A00207EC3 /* CoreData.xcdatamodeld in Sources */ = {isa = PBXBuildFile; fileRef = B727ED9F2D39766A00207EC3 /* CoreData.xcdatamodeld */; };
		B727EDAB2D398B2A00207EC3 /* MusicItems+CoreDataProperties.swift in Sources */ = {isa = PBXBuildFile; fileRef = B727EDA92D398B2A00207EC3 /* MusicItems+CoreDataProperties.swift */; };
		B7293A4D2D3A2706009837C9 /* MusicLIstViewController.swift in Sources */ = {isa = PBXBuildFile; fileRef = B7293A4C2D3A2706009837C9 /* MusicLIstViewController.swift */; };
		B7293A4F2D3A2716009837C9 /* MusicLIstViewPresenter.swift in Sources */ = {isa = PBXBuildFile; fileRef = B7293A4E2D3A2716009837C9 /* MusicLIstViewPresenter.swift */; };
		B7293A522D3A2AA9009837C9 /* TrackTableViewCell.xib in Resources */ = {isa = PBXBuildFile; fileRef = B7293A512D3A2AA9009837C9 /* TrackTableViewCell.xib */; };
		B7293A552D3A2C0B009837C9 /* LoadTracksViewController.swift in Sources */ = {isa = PBXBuildFile; fileRef = B7293A542D3A2C0B009837C9 /* LoadTracksViewController.swift */; };
		B7293A572D3A2C19009837C9 /* LoadTracksPresenter.swift in Sources */ = {isa = PBXBuildFile; fileRef = B7293A562D3A2C19009837C9 /* LoadTracksPresenter.swift */; };
		B7293A632D3A7D4B009837C9 /* MainCoordinator.swift in Sources */ = {isa = PBXBuildFile; fileRef = B7293A622D3A7D4B009837C9 /* MainCoordinator.swift */; };
		B7520E972D3AB2D500E463E6 /* TrackTableViewCell.swift in Sources */ = {isa = PBXBuildFile; fileRef = B7520E962D3AB2D500E463E6 /* TrackTableViewCell.swift */; };
		B7CF83E62D395609005DA92A /* CoreDataManager.swift in Sources */ = {isa = PBXBuildFile; fileRef = B7CF83E52D395609005DA92A /* CoreDataManager.swift */; };
		B7FEF4FD2D37716B003A9802 /* AppDelegate.swift in Sources */ = {isa = PBXBuildFile; fileRef = B7FEF4FC2D37716B003A9802 /* AppDelegate.swift */; };
		B7FEF4FF2D37716B003A9802 /* SceneDelegate.swift in Sources */ = {isa = PBXBuildFile; fileRef = B7FEF4FE2D37716B003A9802 /* SceneDelegate.swift */; };
		B7FEF5012D37716B003A9802 /* PlayerViewController.swift in Sources */ = {isa = PBXBuildFile; fileRef = B7FEF5002D37716B003A9802 /* PlayerViewController.swift */; };
		B7FEF5042D37716B003A9802 /* Main.storyboard in Resources */ = {isa = PBXBuildFile; fileRef = B7FEF5022D37716B003A9802 /* Main.storyboard */; };
		B7FEF5062D37716C003A9802 /* Assets.xcassets in Resources */ = {isa = PBXBuildFile; fileRef = B7FEF5052D37716C003A9802 /* Assets.xcassets */; };
		B7FEF5112D378739003A9802 /* PlayerViewPresenter.swift in Sources */ = {isa = PBXBuildFile; fileRef = B7FEF5102D378739003A9802 /* PlayerViewPresenter.swift */; };
/* End PBXBuildFile section */

/* Begin PBXFileReference section */
		B70232AD2D3BC2E20085864A /* Musics */ = {isa = PBXFileReference; lastKnownFileType = folder; path = Musics; sourceTree = "<group>"; };
		B70232AF2D3BD13F0085864A /* AVPlayerManager.swift */ = {isa = PBXFileReference; lastKnownFileType = sourcecode.swift; path = AVPlayerManager.swift; sourceTree = "<group>"; };
		B727EDA02D39766A00207EC3 /* CoreData.xcdatamodel */ = {isa = PBXFileReference; lastKnownFileType = wrapper.xcdatamodel; path = CoreData.xcdatamodel; sourceTree = "<group>"; };
		B727EDA92D398B2A00207EC3 /* MusicItems+CoreDataProperties.swift */ = {isa = PBXFileReference; lastKnownFileType = sourcecode.swift; path = "MusicItems+CoreDataProperties.swift"; sourceTree = "<group>"; };
		B7293A4C2D3A2706009837C9 /* MusicLIstViewController.swift */ = {isa = PBXFileReference; lastKnownFileType = sourcecode.swift; path = MusicLIstViewController.swift; sourceTree = "<group>"; };
		B7293A4E2D3A2716009837C9 /* MusicLIstViewPresenter.swift */ = {isa = PBXFileReference; lastKnownFileType = sourcecode.swift; path = MusicLIstViewPresenter.swift; sourceTree = "<group>"; };
		B7293A512D3A2AA9009837C9 /* TrackTableViewCell.xib */ = {isa = PBXFileReference; lastKnownFileType = file.xib; path = TrackTableViewCell.xib; sourceTree = "<group>"; };
		B7293A542D3A2C0B009837C9 /* LoadTracksViewController.swift */ = {isa = PBXFileReference; lastKnownFileType = sourcecode.swift; path = LoadTracksViewController.swift; sourceTree = "<group>"; };
		B7293A562D3A2C19009837C9 /* LoadTracksPresenter.swift */ = {isa = PBXFileReference; lastKnownFileType = sourcecode.swift; path = LoadTracksPresenter.swift; sourceTree = "<group>"; };
		B7293A622D3A7D4B009837C9 /* MainCoordinator.swift */ = {isa = PBXFileReference; lastKnownFileType = sourcecode.swift; path = MainCoordinator.swift; sourceTree = "<group>"; };
		B7520E962D3AB2D500E463E6 /* TrackTableViewCell.swift */ = {isa = PBXFileReference; lastKnownFileType = sourcecode.swift; path = TrackTableViewCell.swift; sourceTree = "<group>"; };
		B7CF83E52D395609005DA92A /* CoreDataManager.swift */ = {isa = PBXFileReference; lastKnownFileType = sourcecode.swift; path = CoreDataManager.swift; sourceTree = "<group>"; };
		B7FEF4F92D37716B003A9802 /* MP3_Player.app */ = {isa = PBXFileReference; explicitFileType = wrapper.application; includeInIndex = 0; path = MP3_Player.app; sourceTree = BUILT_PRODUCTS_DIR; };
		B7FEF4FC2D37716B003A9802 /* AppDelegate.swift */ = {isa = PBXFileReference; lastKnownFileType = sourcecode.swift; path = AppDelegate.swift; sourceTree = "<group>"; };
		B7FEF4FE2D37716B003A9802 /* SceneDelegate.swift */ = {isa = PBXFileReference; lastKnownFileType = sourcecode.swift; path = SceneDelegate.swift; sourceTree = "<group>"; };
		B7FEF5002D37716B003A9802 /* PlayerViewController.swift */ = {isa = PBXFileReference; lastKnownFileType = sourcecode.swift; path = PlayerViewController.swift; sourceTree = "<group>"; };
		B7FEF5032D37716B003A9802 /* Base */ = {isa = PBXFileReference; lastKnownFileType = file.storyboard; name = Base; path = Base.lproj/Main.storyboard; sourceTree = "<group>"; };
		B7FEF5052D37716C003A9802 /* Assets.xcassets */ = {isa = PBXFileReference; lastKnownFileType = folder.assetcatalog; path = Assets.xcassets; sourceTree = "<group>"; };
		B7FEF50A2D37716C003A9802 /* Info.plist */ = {isa = PBXFileReference; lastKnownFileType = text.plist.xml; path = Info.plist; sourceTree = "<group>"; };
		B7FEF5102D378739003A9802 /* PlayerViewPresenter.swift */ = {isa = PBXFileReference; lastKnownFileType = sourcecode.swift; path = PlayerViewPresenter.swift; sourceTree = "<group>"; };
/* End PBXFileReference section */

/* Begin PBXFrameworksBuildPhase section */
		B7FEF4F62D37716B003A9802 /* Frameworks */ = {
			isa = PBXFrameworksBuildPhase;
			buildActionMask = 2147483647;
			files = (
			);
			runOnlyForDeploymentPostprocessing = 0;
		};
/* End PBXFrameworksBuildPhase section */

/* Begin PBXGroup section */
		B7293A492D3A26A4009837C9 /* Scens */ = {
			isa = PBXGroup;
			children = (
				B7293A4B2D3A26D4009837C9 /* MusicListVewController */,
				B7293A532D3A2BD8009837C9 /* LoadTracksViewController */,
				B7293A4A2D3A26B9009837C9 /* PLayerViewController */,
			);
			path = Scens;
			sourceTree = "<group>";
		};
		B7293A4A2D3A26B9009837C9 /* PLayerViewController */ = {
			isa = PBXGroup;
			children = (
				B7FEF5002D37716B003A9802 /* PlayerViewController.swift */,
				B7FEF5102D378739003A9802 /* PlayerViewPresenter.swift */,
			);
			path = PLayerViewController;
			sourceTree = "<group>";
		};
		B7293A4B2D3A26D4009837C9 /* MusicListVewController */ = {
			isa = PBXGroup;
			children = (
				B7293A4C2D3A2706009837C9 /* MusicLIstViewController.swift */,
				B7293A4E2D3A2716009837C9 /* MusicLIstViewPresenter.swift */,
			);
			path = MusicListVewController;
			sourceTree = "<group>";
		};
		B7293A502D3A2A8E009837C9 /* Cells */ = {
			isa = PBXGroup;
			children = (
				B7293A512D3A2AA9009837C9 /* TrackTableViewCell.xib */,
				B7520E962D3AB2D500E463E6 /* TrackTableViewCell.swift */,
			);
			path = Cells;
			sourceTree = "<group>";
		};
		B7293A532D3A2BD8009837C9 /* LoadTracksViewController */ = {
			isa = PBXGroup;
			children = (
				B7293A542D3A2C0B009837C9 /* LoadTracksViewController.swift */,
				B7293A562D3A2C19009837C9 /* LoadTracksPresenter.swift */,
			);
			path = LoadTracksViewController;
			sourceTree = "<group>";
		};
		B7293A582D3A31E9009837C9 /* Assets */ = {
			isa = PBXGroup;
			children = (
				B70232AD2D3BC2E20085864A /* Musics */,
			);
			path = Assets;
			sourceTree = "<group>";
		};
		B7FEF4F02D37716B003A9802 = {
			isa = PBXGroup;
			children = (
				B727EDA92D398B2A00207EC3 /* MusicItems+CoreDataProperties.swift */,
				B727ED9F2D39766A00207EC3 /* CoreData.xcdatamodeld */,
				B7FEF4FB2D37716B003A9802 /* MP3_Player */,
				B7FEF4FA2D37716B003A9802 /* Products */,
			);
			sourceTree = "<group>";
		};
		B7FEF4FA2D37716B003A9802 /* Products */ = {
			isa = PBXGroup;
			children = (
				B7FEF4F92D37716B003A9802 /* MP3_Player.app */,
			);
			name = Products;
			sourceTree = "<group>";
		};
		B7FEF4FB2D37716B003A9802 /* MP3_Player */ = {
			isa = PBXGroup;
			children = (
				B7293A502D3A2A8E009837C9 /* Cells */,
				B7293A492D3A26A4009837C9 /* Scens */,
				B7293A582D3A31E9009837C9 /* Assets */,
				B7FEF4FC2D37716B003A9802 /* AppDelegate.swift */,
				B7FEF4FE2D37716B003A9802 /* SceneDelegate.swift */,
				B7FEF5022D37716B003A9802 /* Main.storyboard */,
				B7FEF5052D37716C003A9802 /* Assets.xcassets */,
				B7FEF50A2D37716C003A9802 /* Info.plist */,
				B7CF83E52D395609005DA92A /* CoreDataManager.swift */,
				B7293A622D3A7D4B009837C9 /* MainCoordinator.swift */,
				B70232AF2D3BD13F0085864A /* AVPlayerManager.swift */,
			);
			path = MP3_Player;
			sourceTree = "<group>";
		};
/* End PBXGroup section */

/* Begin PBXNativeTarget section */
		B7FEF4F82D37716B003A9802 /* MP3_Player */ = {
			isa = PBXNativeTarget;
			buildConfigurationList = B7FEF50D2D37716C003A9802 /* Build configuration list for PBXNativeTarget "MP3_Player" */;
			buildPhases = (
				B7FEF4F52D37716B003A9802 /* Sources */,
				B7FEF4F62D37716B003A9802 /* Frameworks */,
				B7FEF4F72D37716B003A9802 /* Resources */,
			);
			buildRules = (
			);
			dependencies = (
			);
			name = MP3_Player;
			productName = MP3_Player;
			productReference = B7FEF4F92D37716B003A9802 /* MP3_Player.app */;
			productType = "com.apple.product-type.application";
		};
/* End PBXNativeTarget section */

/* Begin PBXProject section */
		B7FEF4F12D37716B003A9802 /* Project object */ = {
			isa = PBXProject;
			attributes = {
				BuildIndependentTargetsInParallel = 1;
				LastSwiftUpdateCheck = 1520;
				LastUpgradeCheck = 1520;
				TargetAttributes = {
					B7FEF4F82D37716B003A9802 = {
						CreatedOnToolsVersion = 15.2;
					};
				};
			};
			buildConfigurationList = B7FEF4F42D37716B003A9802 /* Build configuration list for PBXProject "MP3_Player" */;
			compatibilityVersion = "Xcode 14.0";
			developmentRegion = en;
			hasScannedForEncodings = 0;
			knownRegions = (
				en,
				Base,
			);
			mainGroup = B7FEF4F02D37716B003A9802;
			productRefGroup = B7FEF4FA2D37716B003A9802 /* Products */;
			projectDirPath = "";
			projectRoot = "";
			targets = (
				B7FEF4F82D37716B003A9802 /* MP3_Player */,
			);
		};
/* End PBXProject section */

/* Begin PBXResourcesBuildPhase section */
		B7FEF4F72D37716B003A9802 /* Resources */ = {
			isa = PBXResourcesBuildPhase;
			buildActionMask = 2147483647;
			files = (
				B7FEF5062D37716C003A9802 /* Assets.xcassets in Resources */,
				B7FEF5042D37716B003A9802 /* Main.storyboard in Resources */,
				B70232AE2D3BC2E20085864A /* Musics in Resources */,
				B7293A522D3A2AA9009837C9 /* TrackTableViewCell.xib in Resources */,
			);
			runOnlyForDeploymentPostprocessing = 0;
		};
/* End PBXResourcesBuildPhase section */

/* Begin PBXSourcesBuildPhase section */
		B7FEF4F52D37716B003A9802 /* Sources */ = {
			isa = PBXSourcesBuildPhase;
			buildActionMask = 2147483647;
			files = (
				B7FEF5112D378739003A9802 /* PlayerViewPresenter.swift in Sources */,
				B7293A632D3A7D4B009837C9 /* MainCoordinator.swift in Sources */,
				B7FEF5012D37716B003A9802 /* PlayerViewController.swift in Sources */,
				B7293A552D3A2C0B009837C9 /* LoadTracksViewController.swift in Sources */,
				B727EDA12D39766A00207EC3 /* CoreData.xcdatamodeld in Sources */,
				B727EDAB2D398B2A00207EC3 /* MusicItems+CoreDataProperties.swift in Sources */,
				B7293A572D3A2C19009837C9 /* LoadTracksPresenter.swift in Sources */,
				B7293A4D2D3A2706009837C9 /* MusicLIstViewController.swift in Sources */,
				B7CF83E62D395609005DA92A /* CoreDataManager.swift in Sources */,
				B70232B02D3BD13F0085864A /* AVPlayerManager.swift in Sources */,
				B7FEF4FD2D37716B003A9802 /* AppDelegate.swift in Sources */,
				B7293A4F2D3A2716009837C9 /* MusicLIstViewPresenter.swift in Sources */,
				B7520E972D3AB2D500E463E6 /* TrackTableViewCell.swift in Sources */,
				B7FEF4FF2D37716B003A9802 /* SceneDelegate.swift in Sources */,
			);
			runOnlyForDeploymentPostprocessing = 0;
		};
/* End PBXSourcesBuildPhase section */

/* Begin PBXVariantGroup section */
		B7FEF5022D37716B003A9802 /* Main.storyboard */ = {
			isa = PBXVariantGroup;
			children = (
				B7FEF5032D37716B003A9802 /* Base */,
			);
			name = Main.storyboard;
			sourceTree = "<group>";
		};
/* End PBXVariantGroup section */

/* Begin XCBuildConfiguration section */
		B7FEF50B2D37716C003A9802 /* Debug */ = {
			isa = XCBuildConfiguration;
			buildSettings = {
				ALWAYS_SEARCH_USER_PATHS = NO;
				ASSETCATALOG_COMPILER_GENERATE_SWIFT_ASSET_SYMBOL_EXTENSIONS = YES;
				CLANG_ANALYZER_NONNULL = YES;
				CLANG_ANALYZER_NUMBER_OBJECT_CONVERSION = YES_AGGRESSIVE;
				CLANG_CXX_LANGUAGE_STANDARD = "gnu++20";
				CLANG_ENABLE_MODULES = YES;
				CLANG_ENABLE_OBJC_ARC = YES;
				CLANG_ENABLE_OBJC_WEAK = YES;
				CLANG_WARN_BLOCK_CAPTURE_AUTORELEASING = YES;
				CLANG_WARN_BOOL_CONVERSION = YES;
				CLANG_WARN_COMMA = YES;
				CLANG_WARN_CONSTANT_CONVERSION = YES;
				CLANG_WARN_DEPRECATED_OBJC_IMPLEMENTATIONS = YES;
				CLANG_WARN_DIRECT_OBJC_ISA_USAGE = YES_ERROR;
				CLANG_WARN_DOCUMENTATION_COMMENTS = YES;
				CLANG_WARN_EMPTY_BODY = YES;
				CLANG_WARN_ENUM_CONVERSION = YES;
				CLANG_WARN_INFINITE_RECURSION = YES;
				CLANG_WARN_INT_CONVERSION = YES;
				CLANG_WARN_NON_LITERAL_NULL_CONVERSION = YES;
				CLANG_WARN_OBJC_IMPLICIT_RETAIN_SELF = YES;
				CLANG_WARN_OBJC_LITERAL_CONVERSION = YES;
				CLANG_WARN_OBJC_ROOT_CLASS = YES_ERROR;
				CLANG_WARN_QUOTED_INCLUDE_IN_FRAMEWORK_HEADER = YES;
				CLANG_WARN_RANGE_LOOP_ANALYSIS = YES;
				CLANG_WARN_STRICT_PROTOTYPES = YES;
				CLANG_WARN_SUSPICIOUS_MOVE = YES;
				CLANG_WARN_UNGUARDED_AVAILABILITY = YES_AGGRESSIVE;
				CLANG_WARN_UNREACHABLE_CODE = YES;
				CLANG_WARN__DUPLICATE_METHOD_MATCH = YES;
				COPY_PHASE_STRIP = NO;
				DEBUG_INFORMATION_FORMAT = dwarf;
				ENABLE_STRICT_OBJC_MSGSEND = YES;
				ENABLE_TESTABILITY = YES;
				ENABLE_USER_SCRIPT_SANDBOXING = YES;
				GCC_C_LANGUAGE_STANDARD = gnu17;
				GCC_DYNAMIC_NO_PIC = NO;
				GCC_NO_COMMON_BLOCKS = YES;
				GCC_OPTIMIZATION_LEVEL = 0;
				GCC_PREPROCESSOR_DEFINITIONS = (
					"DEBUG=1",
					"$(inherited)",
				);
				GCC_WARN_64_TO_32_BIT_CONVERSION = YES;
				GCC_WARN_ABOUT_RETURN_TYPE = YES_ERROR;
				GCC_WARN_UNDECLARED_SELECTOR = YES;
				GCC_WARN_UNINITIALIZED_AUTOS = YES_AGGRESSIVE;
				GCC_WARN_UNUSED_FUNCTION = YES;
				GCC_WARN_UNUSED_VARIABLE = YES;
				IPHONEOS_DEPLOYMENT_TARGET = 17.2;
				LOCALIZATION_PREFERS_STRING_CATALOGS = YES;
				MTL_ENABLE_DEBUG_INFO = INCLUDE_SOURCE;
				MTL_FAST_MATH = YES;
				ONLY_ACTIVE_ARCH = YES;
				SDKROOT = iphoneos;
				SWIFT_ACTIVE_COMPILATION_CONDITIONS = "DEBUG $(inherited)";
				SWIFT_OPTIMIZATION_LEVEL = "-Onone";
			};
			name = Debug;
		};
		B7FEF50C2D37716C003A9802 /* Release */ = {
			isa = XCBuildConfiguration;
			buildSettings = {
				ALWAYS_SEARCH_USER_PATHS = NO;
				ASSETCATALOG_COMPILER_GENERATE_SWIFT_ASSET_SYMBOL_EXTENSIONS = YES;
				CLANG_ANALYZER_NONNULL = YES;
				CLANG_ANALYZER_NUMBER_OBJECT_CONVERSION = YES_AGGRESSIVE;
				CLANG_CXX_LANGUAGE_STANDARD = "gnu++20";
				CLANG_ENABLE_MODULES = YES;
				CLANG_ENABLE_OBJC_ARC = YES;
				CLANG_ENABLE_OBJC_WEAK = YES;
				CLANG_WARN_BLOCK_CAPTURE_AUTORELEASING = YES;
				CLANG_WARN_BOOL_CONVERSION = YES;
				CLANG_WARN_COMMA = YES;
				CLANG_WARN_CONSTANT_CONVERSION = YES;
				CLANG_WARN_DEPRECATED_OBJC_IMPLEMENTATIONS = YES;
				CLANG_WARN_DIRECT_OBJC_ISA_USAGE = YES_ERROR;
				CLANG_WARN_DOCUMENTATION_COMMENTS = YES;
				CLANG_WARN_EMPTY_BODY = YES;
				CLANG_WARN_ENUM_CONVERSION = YES;
				CLANG_WARN_INFINITE_RECURSION = YES;
				CLANG_WARN_INT_CONVERSION = YES;
				CLANG_WARN_NON_LITERAL_NULL_CONVERSION = YES;
				CLANG_WARN_OBJC_IMPLICIT_RETAIN_SELF = YES;
				CLANG_WARN_OBJC_LITERAL_CONVERSION = YES;
				CLANG_WARN_OBJC_ROOT_CLASS = YES_ERROR;
				CLANG_WARN_QUOTED_INCLUDE_IN_FRAMEWORK_HEADER = YES;
				CLANG_WARN_RANGE_LOOP_ANALYSIS = YES;
				CLANG_WARN_STRICT_PROTOTYPES = YES;
				CLANG_WARN_SUSPICIOUS_MOVE = YES;
				CLANG_WARN_UNGUARDED_AVAILABILITY = YES_AGGRESSIVE;
				CLANG_WARN_UNREACHABLE_CODE = YES;
				CLANG_WARN__DUPLICATE_METHOD_MATCH = YES;
				COPY_PHASE_STRIP = NO;
				DEBUG_INFORMATION_FORMAT = "dwarf-with-dsym";
				ENABLE_NS_ASSERTIONS = NO;
				ENABLE_STRICT_OBJC_MSGSEND = YES;
				ENABLE_USER_SCRIPT_SANDBOXING = YES;
				GCC_C_LANGUAGE_STANDARD = gnu17;
				GCC_NO_COMMON_BLOCKS = YES;
				GCC_WARN_64_TO_32_BIT_CONVERSION = YES;
				GCC_WARN_ABOUT_RETURN_TYPE = YES_ERROR;
				GCC_WARN_UNDECLARED_SELECTOR = YES;
				GCC_WARN_UNINITIALIZED_AUTOS = YES_AGGRESSIVE;
				GCC_WARN_UNUSED_FUNCTION = YES;
				GCC_WARN_UNUSED_VARIABLE = YES;
				IPHONEOS_DEPLOYMENT_TARGET = 17.2;
				LOCALIZATION_PREFERS_STRING_CATALOGS = YES;
				MTL_ENABLE_DEBUG_INFO = NO;
				MTL_FAST_MATH = YES;
				SDKROOT = iphoneos;
				SWIFT_COMPILATION_MODE = wholemodule;
				VALIDATE_PRODUCT = YES;
			};
			name = Release;
		};
		B7FEF50E2D37716C003A9802 /* Debug */ = {
			isa = XCBuildConfiguration;
			buildSettings = {
				ASSETCATALOG_COMPILER_APPICON_NAME = AppIcon;
				ASSETCATALOG_COMPILER_GLOBAL_ACCENT_COLOR_NAME = AccentColor;
				CODE_SIGN_STYLE = Automatic;
				CURRENT_PROJECT_VERSION = 1;
				DEVELOPMENT_TEAM = JG35T4S62C;
				GENERATE_INFOPLIST_FILE = YES;
				INFOPLIST_FILE = MP3_Player/Info.plist;
				INFOPLIST_KEY_UIApplicationSupportsIndirectInputEvents = YES;
				INFOPLIST_KEY_UILaunchStoryboardName = PlayerViewController;
				INFOPLIST_KEY_UIMainStoryboardFile = Main;
				INFOPLIST_KEY_UISupportedInterfaceOrientations = "UIInterfaceOrientationLandscapeLeft UIInterfaceOrientationLandscapeRight UIInterfaceOrientationPortrait UIInterfaceOrientationPortraitUpsideDown";
				LD_RUNPATH_SEARCH_PATHS = (
					"$(inherited)",
					"@executable_path/Frameworks",
				);
				MARKETING_VERSION = 1.0;
				PRODUCT_BUNDLE_IDENTIFIER = "BRKot.MP3-Player";
				PRODUCT_NAME = "$(TARGET_NAME)";
				SWIFT_EMIT_LOC_STRINGS = YES;
				SWIFT_VERSION = 5.0;
				TARGETED_DEVICE_FAMILY = "1,2";
			};
			name = Debug;
		};
		B7FEF50F2D37716C003A9802 /* Release */ = {
			isa = XCBuildConfiguration;
			buildSettings = {
				ASSETCATALOG_COMPILER_APPICON_NAME = AppIcon;
				ASSETCATALOG_COMPILER_GLOBAL_ACCENT_COLOR_NAME = AccentColor;
				CODE_SIGN_STYLE = Automatic;
				CURRENT_PROJECT_VERSION = 1;
				DEVELOPMENT_TEAM = JG35T4S62C;
				GENERATE_INFOPLIST_FILE = YES;
				INFOPLIST_FILE = MP3_Player/Info.plist;
				INFOPLIST_KEY_UIApplicationSupportsIndirectInputEvents = YES;
				INFOPLIST_KEY_UILaunchStoryboardName = PlayerViewController;
				INFOPLIST_KEY_UIMainStoryboardFile = Main;
				INFOPLIST_KEY_UISupportedInterfaceOrientations = "UIInterfaceOrientationLandscapeLeft UIInterfaceOrientationLandscapeRight UIInterfaceOrientationPortrait UIInterfaceOrientationPortraitUpsideDown";
				LD_RUNPATH_SEARCH_PATHS = (
					"$(inherited)",
					"@executable_path/Frameworks",
				);
				MARKETING_VERSION = 1.0;
				PRODUCT_BUNDLE_IDENTIFIER = "BRKot.MP3-Player";
				PRODUCT_NAME = "$(TARGET_NAME)";
				SWIFT_EMIT_LOC_STRINGS = YES;
				SWIFT_VERSION = 5.0;
				TARGETED_DEVICE_FAMILY = "1,2";
			};
			name = Release;
		};
/* End XCBuildConfiguration section */

/* Begin XCConfigurationList section */
		B7FEF4F42D37716B003A9802 /* Build configuration list for PBXProject "MP3_Player" */ = {
			isa = XCConfigurationList;
			buildConfigurations = (
				B7FEF50B2D37716C003A9802 /* Debug */,
				B7FEF50C2D37716C003A9802 /* Release */,
			);
			defaultConfigurationIsVisible = 0;
			defaultConfigurationName = Release;
		};
		B7FEF50D2D37716C003A9802 /* Build configuration list for PBXNativeTarget "MP3_Player" */ = {
			isa = XCConfigurationList;
			buildConfigurations = (
				B7FEF50E2D37716C003A9802 /* Debug */,
				B7FEF50F2D37716C003A9802 /* Release */,
			);
			defaultConfigurationIsVisible = 0;
			defaultConfigurationName = Release;
		};
/* End XCConfigurationList section */

/* Begin XCVersionGroup section */
		B727ED9F2D39766A00207EC3 /* CoreData.xcdatamodeld */ = {
			isa = XCVersionGroup;
			children = (
				B727EDA02D39766A00207EC3 /* CoreData.xcdatamodel */,
			);
			currentVersion = B727EDA02D39766A00207EC3 /* CoreData.xcdatamodel */;
			path = CoreData.xcdatamodeld;
			sourceTree = "<group>";
			versionGroupType = wrapper.xcdatamodel;
		};
/* End XCVersionGroup section */
	};
	rootObject = B7FEF4F12D37716B003A9802 /* Project object */;
}
